
Microsoft Visual Studio Solution File, Format Version 12.00
# Visual Studio Version 16
VisualStudioVersion = 16.0.28803.202
MinimumVisualStudioVersion = 10.0.40219.1
Project("{FAE04EC0-301F-11D3-BF4B-00C04F79EFBC}") = "Clothing_Industry_WPF", "Clothing_Industry_WPF\Clothing_Industry_WPF.csproj", "{32D7F561-B41D-4478-A772-0E7BD1E230C5}"
EndProject
Global
	GlobalSection(SolutionConfigurationPlatforms) = preSolution
		Debug|Any CPU = Debug|Any CPU
		Release|Any CPU = Release|Any CPU
	EndGlobalSection
	GlobalSection(ProjectConfigurationPlatforms) = postSolution
		{32D7F561-B41D-4478-A772-0E7BD1E230C5}.Debug|Any CPU.ActiveCfg = Debug|Any CPU
		{32D7F561-B41D-4478-A772-0E7BD1E230C5}.Debug|Any CPU.Build.0 = Debug|Any CPU
		{32D7F561-B41D-4478-A772-0E7BD1E230C5}.Release|Any CPU.ActiveCfg = Release|Any CPU
		{32D7F561-B41D-4478-A772-0E7BD1E230C5}.Release|Any CPU.Build.0 = Release|Any CPU
	EndGlobalSection
	GlobalSection(SolutionProperties) = preSolution
		HideSolutionNode = FALSE
	EndGlobalSection
	GlobalSection(ExtensibilityGlobals) = postSolution
		SolutionGuid = {BCFA4F35-6686-49C4-B1E0-D82D1EC49FC7}
	EndGlobalSection
EndGlobal
